Microsoft Visual Studio Solution File, Format Version 11.00
# Visual Studio 2008

Project("{9AC67EF1-E331-EF70-DB05-7CE537E70870}") = "TestUI", "Assembly-CSharp.csproj", "{96436FB6-5538-213D-088B-30DDFA230C4B}"
EndProject
Project("{9AC67EF1-E331-EF70-DB05-7CE537E70870}") = "TestUI", "Assembly-CSharp-Editor.csproj", "{B710D8C5-7ED6-EF9A-DB22-10A0E8A01740}"
EndProject
Global
	GlobalSection(SolutionConfigurationPlatforms) = preSolution
		Debug|Any CPU = Debug|Any CPU
		Release|Any CPU = Release|Any CPU
	EndGlobalSection
	GlobalSection(ProjectConfigurationPlatforms) = postSolution
		{96436FB6-5538-213D-088B-30DDFA230C4B}.Debug|Any CPU.ActiveCfg = Debug|Any CPU
		{96436FB6-5538-213D-088B-30DDFA230C4B}.Debug|Any CPU.Build.0 = Debug|Any CPU
		{96436FB6-5538-213D-088B-30DDFA230C4B}.Release|Any CPU.ActiveCfg = Release|Any CPU
		{96436FB6-5538-213D-088B-30DDFA230C4B}.Release|Any CPU.Build.0 = Release|Any CPU
		{B710D8C5-7ED6-EF9A-DB22-10A0E8A01740}.Debug|Any CPU.ActiveCfg = Debug|Any CPU
		{B710D8C5-7ED6-EF9A-DB22-10A0E8A01740}.Debug|Any CPU.Build.0 = Debug|Any CPU
		{B710D8C5-7ED6-EF9A-DB22-10A0E8A01740}.Release|Any CPU.ActiveCfg = Release|Any CPU
		{B710D8C5-7ED6-EF9A-DB22-10A0E8A01740}.Release|Any CPU.Build.0 = Release|Any CPU
	EndGlobalSection
	GlobalSection(SolutionProperties) = preSolution
		HideSolutionNode = FALSE
	EndGlobalSection
	GlobalSection(MonoDevelopProperties) = preSolution
		StartupItem = Assembly-CSharp.csproj
	EndGlobalSection
EndGlobal
